
Microsoft Visual Studio Solution File, Format Version 12.00
# Visual Studio Version 16
VisualStudioVersion = 16.0.30503.244
MinimumVisualStudioVersion = 10.0.40219.1
Project("{9A19103F-16F7-4668-BE54-9A1E7A4F7556}") = "WeebCli", "WeebCli\WeebCli.csproj", "{91AB0F6B-9A27-462E-92A8-95C4EF11743C}"
EndProject
Global
	GlobalSection(SolutionConfigurationPlatforms) = preSolution
		Debug|Any CPU = Debug|Any CPU
		Debug|x64 = Debug|x64
		Release|Any CPU = Release|Any CPU
		Release|x64 = Release|x64
	EndGlobalSection
	GlobalSection(ProjectConfigurationPlatforms) = postSolution
		{91AB0F6B-9A27-462E-92A8-95C4EF11743C}.Debug|Any CPU.ActiveCfg = Debug|Any CPU
		{91AB0F6B-9A27-462E-92A8-95C4EF11743C}.Debug|Any CPU.Build.0 = Debug|Any CPU
		{91AB0F6B-9A27-462E-92A8-95C4EF11743C}.Debug|x64.ActiveCfg = Debug|x64
		{91AB0F6B-9A27-462E-92A8-95C4EF11743C}.Debug|x64.Build.0 = Debug|x64
		{91AB0F6B-9A27-462E-92A8-95C4EF11743C}.Release|Any CPU.ActiveCfg = Release|Any CPU
		{91AB0F6B-9A27-462E-92A8-95C4EF11743C}.Release|Any CPU.Build.0 = Release|Any CPU
		{91AB0F6B-9A27-462E-92A8-95C4EF11743C}.Release|x64.ActiveCfg = Release|x64
		{91AB0F6B-9A27-462E-92A8-95C4EF11743C}.Release|x64.Build.0 = Release|x64
	EndGlobalSection
	GlobalSection(SolutionProperties) = preSolution
		HideSolutionNode = FALSE
	EndGlobalSection
	GlobalSection(ExtensibilityGlobals) = postSolution
		SolutionGuid = {D2A63222-73EB-4351-8B9E-BD7950F788C3}
	EndGlobalSection
EndGlobal
